Microsoft Visual Studio Solution File, Format Version 12.00
# Visual Studio Version 18
VisualStudioVersion = 18.2.11415.280
MinimumVisualStudioVersion = 10.0.40219.1

Project("{2150E333-8FDC-42A3-9474-1A3956D46DE8}") = "src", "src", "{7D62A9F7-2477-4CB0-9853-AF586609AE49}"
EndProject
Project("{FAE04EC0-301F-11D3-BF4B-00C04F79EFBC}") = "Chronos.Core.Abstractions", "src\Chronos.Core.Abstractions\Chronos.Core.Abstractions.csproj", "{DD926C75-28A4-44FD-B63D-D6E129DDD358}"
EndProject
Project("{FAE04EC0-301F-11D3-BF4B-00C04F79EFBC}") = "Chronos.Core.Kernel", "src\Chronos.Core.Kernel\Chronos.Core.Kernel.csproj", "{B660F55A-7964-4CDE-837D-FDE7D13AD9DF}"
EndProject
Project("{2150E333-8FDC-42A3-9474-1A3956D46DE8}") = "tests", "tests", "{4442E936-7F46-476B-A60D-991757B9D5E0}"
EndProject
Project("{FAE04EC0-301F-11D3-BF4B-00C04F79EFBC}") = "Chronos.Core.Abstractions.UnitTests", "tests\Chronos.Core.Abstractions.UnitTests\Chronos.Core.Abstractions.UnitTests.csproj", "{2435C8D2-9F37-4E89-B95A-B4D665C706C5}"
EndProject
Project("{FAE04EC0-301F-11D3-BF4B-00C04F79EFBC}") = "Chronos.Core.Abstractions.IntegrationTests", "tests\Chronos.Core.Abstractions.IntegrationTests\Chronos.Core.Abstractions.IntegrationTests.csproj", "{355B5780-93CF-4453-A2F1-032A219BCFCC}"
EndProject

Global
	GlobalSection(SolutionConfigurationPlatforms) = preSolution
		Debug|Any CPU = Debug|Any CPU
		Release|Any CPU = Release|Any CPU
	EndGlobalSection
	GlobalSection(ProjectConfigurationPlatforms) = postSolution
		{B660F55A-7964-4CDE-837D-FDE7D13AD9DF}.Debug|Any CPU.ActiveCfg = Debug|Any CPU
		{B660F55A-7964-4CDE-837D-FDE7D13AD9DF}.Debug|Any CPU.Build.0 = Debug|Any CPU
		{B660F55A-7964-4CDE-837D-FDE7D13AD9DF}.Release|Any CPU.ActiveCfg = Release|Any CPU
		{B660F55A-7964-4CDE-837D-FDE7D13AD9DF}.Release|Any CPU.Build.0 = Release|Any CPU
		{DD926C75-28A4-44FD-B63D-D6E129DDD358}.Debug|Any CPU.ActiveCfg = Debug|Any CPU
		{DD926C75-28A4-44FD-B63D-D6E129DDD358}.Debug|Any CPU.Build.0 = Debug|Any CPU
		{DD926C75-28A4-44FD-B63D-D6E129DDD358}.Release|Any CPU.ActiveCfg = Release|Any CPU
		{DD926C75-28A4-44FD-B63D-D6E129DDD358}.Release|Any CPU.Build.0 = Release|Any CPU
		{2435C8D2-9F37-4E89-B95A-B4D665C706C5}.Debug|Any CPU.ActiveCfg = Debug|Any CPU
		{2435C8D2-9F37-4E89-B95A-B4D665C706C5}.Debug|Any CPU.Build.0 = Debug|Any CPU
		{2435C8D2-9F37-4E89-B95A-B4D665C706C5}.Release|Any CPU.ActiveCfg = Release|Any CPU
		{2435C8D2-9F37-4E89-B95A-B4D665C706C5}.Release|Any CPU.Build.0 = Release|Any CPU
		{355B5780-93CF-4453-A2F1-032A219BCFCC}.Debug|Any CPU.ActiveCfg = Debug|Any CPU
		{355B5780-93CF-4453-A2F1-032A219BCFCC}.Debug|Any CPU.Build.0 = Debug|Any CPU
		{355B5780-93CF-4453-A2F1-032A219BCFCC}.Release|Any CPU.ActiveCfg = Release|Any CPU
		{355B5780-93CF-4453-A2F1-032A219BCFCC}.Release|Any CPU.Build.0 = Release|Any CPU
	EndGlobalSection
	GlobalSection(SolutionProperties) = preSolution
		HideSolutionNode = FALSE
	EndGlobalSection
	GlobalSection(NestedProjects) = preSolution
		{B660F55A-7964-4CDE-837D-FDE7D13AD9DF} = {7D62A9F7-2477-4CB0-9853-AF586609AE49}
		{DD926C75-28A4-44FD-B63D-D6E129DDD358} = {7D62A9F7-2477-4CB0-9853-AF586609AE49}
		{2435C8D2-9F37-4E89-B95A-B4D665C706C5} = {4442E936-7F46-476B-A60D-991757B9D5E0}
		{355B5780-93CF-4453-A2F1-032A219BCFCC} = {4442E936-7F46-476B-A60D-991757B9D5E0}
	EndGlobalSection
	GlobalSection(ExtensibilityGlobals) = postSolution
		SolutionGuid = {77679334-6FAF-4E02-8A32-E3C7FFF20A91}
	EndGlobalSection
EndGlobal
